
Microsoft Visual Studio Solution File, Format Version 12.00
# Visual Studio Version 16
VisualStudioVersion = 16.0.34031.81
MinimumVisualStudioVersion = 10.0.40219.1
Project("{FAE04EC0-301F-11D3-BF4B-00C04F79EFBC}") = "form_QLsach", "form_QLsach\form_QLsach.csproj", "{FE6CC3C6-CA59-4EEA-9366-976D1CF2007E}"
EndProject
Global
	GlobalSection(SolutionConfigurationPlatforms) = preSolution
		Debug|Any CPU = Debug|Any CPU
		Release|Any CPU = Release|Any CPU
	EndGlobalSection
	GlobalSection(ProjectConfigurationPlatforms) = postSolution
		{FE6CC3C6-CA59-4EEA-9366-976D1CF2007E}.Debug|Any CPU.ActiveCfg = Debug|Any CPU
		{FE6CC3C6-CA59-4EEA-9366-976D1CF2007E}.Debug|Any CPU.Build.0 = Debug|Any CPU
		{FE6CC3C6-CA59-4EEA-9366-976D1CF2007E}.Release|Any CPU.ActiveCfg = Release|Any CPU
		{FE6CC3C6-CA59-4EEA-9366-976D1CF2007E}.Release|Any CPU.Build.0 = Release|Any CPU
	EndGlobalSection
	GlobalSection(SolutionProperties) = preSolution
		HideSolutionNode = FALSE
	EndGlobalSection
	GlobalSection(ExtensibilityGlobals) = postSolution
		SolutionGuid = {EAC38CD6-E9BE-4A18-AE64-C4C9DD41A64A}
	EndGlobalSection
EndGlobal
